
Microsoft Visual Studio Solution File, Format Version 12.00
# Visual Studio Version 16
VisualStudioVersion = 16.0.29020.237
MinimumVisualStudioVersion = 10.0.40219.1
Project("{FAE04EC0-301F-11D3-BF4B-00C04F79EFBC}") = "WebApplication1", "WebApplication1\WebApplication1.csproj", "{C729EB80-D5E8-407D-A9AC-99119744A780}"
EndProject
Global
	GlobalSection(SolutionConfigurationPlatforms) = preSolution
		Debug|Any CPU = Debug|Any CPU
		Release|Any CPU = Release|Any CPU
	EndGlobalSection
	GlobalSection(ProjectConfigurationPlatforms) = postSolution
		{C729EB80-D5E8-407D-A9AC-99119744A780}.Debug|Any CPU.ActiveCfg = Debug|Any CPU
		{C729EB80-D5E8-407D-A9AC-99119744A780}.Debug|Any CPU.Build.0 = Debug|Any CPU
		{C729EB80-D5E8-407D-A9AC-99119744A780}.Release|Any CPU.ActiveCfg = Release|Any CPU
		{C729EB80-D5E8-407D-A9AC-99119744A780}.Release|Any CPU.Build.0 = Release|Any CPU
	EndGlobalSection
	GlobalSection(SolutionProperties) = preSolution
		HideSolutionNode = FALSE
	EndGlobalSection
	GlobalSection(ExtensibilityGlobals) = postSolution
		SolutionGuid = {DF1899CB-ED01-4518-ABEC-7B65795E2798}
	EndGlobalSection
EndGlobal
