
Microsoft Visual Studio Solution File, Format Version 12.00
# Visual Studio Version 16
VisualStudioVersion = 16.0.29020.237
MinimumVisualStudioVersion = 10.0.40219.1
Project("{FAE04EC0-301F-11D3-BF4B-00C04F79EFBC}") = "CarInsurance2", "CarInsurance2\CarInsurance2.csproj", "{DB59C442-9C93-4176-954B-DD4C8B8FCB28}"
EndProject
Global
	GlobalSection(SolutionConfigurationPlatforms) = preSolution
		Debug|Any CPU = Debug|Any CPU
		Release|Any CPU = Release|Any CPU
	EndGlobalSection
	GlobalSection(ProjectConfigurationPlatforms) = postSolution
		{DB59C442-9C93-4176-954B-DD4C8B8FCB28}.Debug|Any CPU.ActiveCfg = Debug|Any CPU
		{DB59C442-9C93-4176-954B-DD4C8B8FCB28}.Debug|Any CPU.Build.0 = Debug|Any CPU
		{DB59C442-9C93-4176-954B-DD4C8B8FCB28}.Release|Any CPU.ActiveCfg = Release|Any CPU
		{DB59C442-9C93-4176-954B-DD4C8B8FCB28}.Release|Any CPU.Build.0 = Release|Any CPU
	EndGlobalSection
	GlobalSection(SolutionProperties) = preSolution
		HideSolutionNode = FALSE
	EndGlobalSection
	GlobalSection(ExtensibilityGlobals) = postSolution
		SolutionGuid = {BA182299-8507-4A6A-83FA-D6BD96591926}
	EndGlobalSection
EndGlobal
