
Microsoft Visual Studio Solution File, Format Version 12.00
# Visual Studio Version 16
VisualStudioVersion = 16.0.29020.237
MinimumVisualStudioVersion = 10.0.40219.1
Project("{FAE04EC0-301F-11D3-BF4B-00C04F79EFBC}") = "CFApp5", "CFApp5\CFApp5.csproj", "{F369B2FB-2217-44D9-9867-60089F4F6D8B}"
EndProject
Global
	GlobalSection(SolutionConfigurationPlatforms) = preSolution
		Debug|Any CPU = Debug|Any CPU
		Release|Any CPU = Release|Any CPU
	EndGlobalSection
	GlobalSection(ProjectConfigurationPlatforms) = postSolution
		{F369B2FB-2217-44D9-9867-60089F4F6D8B}.Debug|Any CPU.ActiveCfg = Debug|Any CPU
		{F369B2FB-2217-44D9-9867-60089F4F6D8B}.Debug|Any CPU.Build.0 = Debug|Any CPU
		{F369B2FB-2217-44D9-9867-60089F4F6D8B}.Release|Any CPU.ActiveCfg = Release|Any CPU
		{F369B2FB-2217-44D9-9867-60089F4F6D8B}.Release|Any CPU.Build.0 = Release|Any CPU
	EndGlobalSection
	GlobalSection(SolutionProperties) = preSolution
		HideSolutionNode = FALSE
	EndGlobalSection
	GlobalSection(ExtensibilityGlobals) = postSolution
		SolutionGuid = {F134401D-C8CB-4392-8106-A1E5EBAA06DB}
	EndGlobalSection
EndGlobal
